{
  "projects": [
    {
      "projectId": "seaQhLVS4bbjiGvJJrRwyL",
      "version": "15.0.3",
      "dependencies": {},
      "lang": "ts",
      "fileLocks": [
        {
          "assetId": "seaQhLVS4bbjiGvJJrRwyL",
          "type": "projectCss",
          "checksum": "92fb3f0ca07a8916b2b57cc87f1b539e"
        }
      ],
      "codegenVersion": "0.0.1"
    },
    {
      "projectId": "adAJeXcmDsjyZUTKPxZX3N",
      "version": "latest",
      "dependencies": {
        "seaQhLVS4bbjiGvJJrRwyL": "15.0.3"
      },
      "lang": "ts",
      "fileLocks": [
        {
          "type": "globalVariant",
          "assetId": "bmVxD1VRdICdtr",
          "checksum": "28ad4b735b2f96346c7dc9e14b4d2437"
        },
        {
          "assetId": "adAJeXcmDsjyZUTKPxZX3N",
          "type": "projectCss",
          "checksum": "db74043478a6262606810e35c7b067b5"
        },
        {
          "type": "renderModule",
          "assetId": "Cdcad2IJ0pbOm",
          "checksum": "9bf59c27f4a9a27845373fedbcacea4d"
        },
        {
          "type": "cssRules",
          "assetId": "Cdcad2IJ0pbOm",
          "checksum": "9bf59c27f4a9a27845373fedbcacea4d"
        },
        {
          "type": "renderModule",
          "assetId": "A_gwL2vf_381j",
          "checksum": "00e92fb1d8abddbf5315ff8bc515733a"
        },
        {
          "type": "cssRules",
          "assetId": "A_gwL2vf_381j",
          "checksum": "00e92fb1d8abddbf5315ff8bc515733a"
        },
        {
          "type": "renderModule",
          "assetId": "R_wkQRy4YKVPf",
          "checksum": "a91f1b5787e4da7c7186650c8d17ea9d"
        },
        {
          "type": "cssRules",
          "assetId": "R_wkQRy4YKVPf",
          "checksum": "a91f1b5787e4da7c7186650c8d17ea9d"
        },
        {
          "type": "renderModule",
          "assetId": "bcbu1ogfACwVx",
          "checksum": "48d88bcee9a7392690ffc22d194d7371"
        },
        {
          "type": "cssRules",
          "assetId": "bcbu1ogfACwVx",
          "checksum": "48d88bcee9a7392690ffc22d194d7371"
        },
        {
          "type": "renderModule",
          "assetId": "x2aardfPKLpKh",
          "checksum": "28a844c41a1715963cebdb5348214f58"
        },
        {
          "type": "cssRules",
          "assetId": "x2aardfPKLpKh",
          "checksum": "28a844c41a1715963cebdb5348214f58"
        },
        {
          "type": "renderModule",
          "assetId": "VItKwMi2krm3T",
          "checksum": "24e35fc97aabaa35dcd07f9c2cbd1865"
        },
        {
          "type": "cssRules",
          "assetId": "VItKwMi2krm3T",
          "checksum": "24e35fc97aabaa35dcd07f9c2cbd1865"
        },
        {
          "type": "renderModule",
          "assetId": "5kpMpuXY_1AKO9",
          "checksum": "297d83e6ce845aeddb2e17ac73c10c9e"
        },
        {
          "type": "cssRules",
          "assetId": "5kpMpuXY_1AKO9",
          "checksum": "297d83e6ce845aeddb2e17ac73c10c9e"
        },
        {
          "type": "renderModule",
          "assetId": "xWJSqdwqhOOMJB",
          "checksum": "93695b54bb08d610bdfe10dcfd579f36"
        },
        {
          "type": "cssRules",
          "assetId": "xWJSqdwqhOOMJB",
          "checksum": "93695b54bb08d610bdfe10dcfd579f36"
        },
        {
          "type": "renderModule",
          "assetId": "lqE2RediHdSFqP",
          "checksum": "cab295e54441a4ab8cd558e49392098f"
        },
        {
          "type": "cssRules",
          "assetId": "lqE2RediHdSFqP",
          "checksum": "cab295e54441a4ab8cd558e49392098f"
        },
        {
          "type": "renderModule",
          "assetId": "jlzDN_cwMGwABS",
          "checksum": "470c7cfa53b7cf44fb315746ba3ae979"
        },
        {
          "type": "cssRules",
          "assetId": "jlzDN_cwMGwABS",
          "checksum": "470c7cfa53b7cf44fb315746ba3ae979"
        },
        {
          "type": "renderModule",
          "assetId": "cACZaGJ6QhYIzC",
          "checksum": "0b8671512db774a15ef5eae908be9c3e"
        },
        {
          "type": "cssRules",
          "assetId": "cACZaGJ6QhYIzC",
          "checksum": "0b8671512db774a15ef5eae908be9c3e"
        },
        {
          "type": "renderModule",
          "assetId": "IdUEJkBsugmw0G",
          "checksum": "72ccb40ea2607c9de274ba51bd22d13e"
        },
        {
          "type": "cssRules",
          "assetId": "IdUEJkBsugmw0G",
          "checksum": "72ccb40ea2607c9de274ba51bd22d13e"
        },
        {
          "type": "renderModule",
          "assetId": "mALvCne9zYPi1D",
          "checksum": "bd227bdca7adeee3b71246355c4d4a2c"
        },
        {
          "type": "cssRules",
          "assetId": "mALvCne9zYPi1D",
          "checksum": "bd227bdca7adeee3b71246355c4d4a2c"
        },
        {
          "type": "renderModule",
          "assetId": "gwPSOEZjNaGJjR",
          "checksum": "16146531a6c557286e44a20eeb2ef45e"
        },
        {
          "type": "cssRules",
          "assetId": "gwPSOEZjNaGJjR",
          "checksum": "16146531a6c557286e44a20eeb2ef45e"
        },
        {
          "type": "renderModule",
          "assetId": "YZ2oxrpzIgVNMY",
          "checksum": "6b43ca07aee6b9ba6e031faa251fd20e"
        },
        {
          "type": "cssRules",
          "assetId": "YZ2oxrpzIgVNMY",
          "checksum": "6b43ca07aee6b9ba6e031faa251fd20e"
        },
        {
          "type": "renderModule",
          "assetId": "4ZaxGx7nqn3nPW",
          "checksum": "e3ef86ff56b352d6bbfdcd0b1f11897d"
        },
        {
          "type": "cssRules",
          "assetId": "4ZaxGx7nqn3nPW",
          "checksum": "e3ef86ff56b352d6bbfdcd0b1f11897d"
        },
        {
          "type": "renderModule",
          "assetId": "0Z8fb8vtE4W6x_",
          "checksum": "6b67c0b9e7fb5de505dcffd8fec448aa"
        },
        {
          "type": "cssRules",
          "assetId": "0Z8fb8vtE4W6x_",
          "checksum": "6b67c0b9e7fb5de505dcffd8fec448aa"
        },
        {
          "type": "icon",
          "assetId": "SrFYjuu86r7LnB",
          "checksum": "d475254c928d94b7f018c856b99b7829"
        },
        {
          "type": "icon",
          "assetId": "OZVLq80209u1I7",
          "checksum": "3534328cafa96132f2f7fa2b7275940a"
        },
        {
          "type": "icon",
          "assetId": "CCAavgnbZH_Q0X",
          "checksum": "9f9947c9cb7e46c075ecb9aeda0ea2fa"
        },
        {
          "type": "icon",
          "assetId": "Iki5Ty4-UYBbvd",
          "checksum": "b50b1b1e5a2ca6f3232e3a8df76e5a79"
        },
        {
          "type": "icon",
          "assetId": "dYqnIYhXi1ewMd",
          "checksum": "2ca146c90c5d408240b4c9d626c27a76"
        },
        {
          "type": "icon",
          "assetId": "fK-9V-Fg9c2gNc",
          "checksum": "c5d7cfba7b206440dcc298270c34428b"
        },
        {
          "type": "icon",
          "assetId": "wLd4hzM6H-QJLg",
          "checksum": "343e9a202416ad0b365d9032caa00d41"
        },
        {
          "type": "icon",
          "assetId": "zrCXWKUKdZwtrD",
          "checksum": "8f685709ca74df8a427a069d875a3b96"
        },
        {
          "type": "icon",
          "assetId": "NqASZUx1P_LCw6",
          "checksum": "60416cae0f39fd13b3d21bd21d59cb7f"
        },
        {
          "type": "icon",
          "assetId": "2BUbUxAaX7oEUk",
          "checksum": "f4f26a3d272dab42e8450e2290756d94"
        },
        {
          "type": "icon",
          "assetId": "8AvZIH2YCFxITm",
          "checksum": "28237d4ad7ff1d04c5a790c45bf1b8d1"
        },
        {
          "type": "icon",
          "assetId": "l-XWGH9b8XqMrN",
          "checksum": "25a290572c6d8afddab4d1e2234f3a5b"
        },
        {
          "type": "icon",
          "assetId": "-aRWYbn3qKB1o2",
          "checksum": "4c3eb2e00e487b66361f1004222e5ac3"
        },
        {
          "type": "icon",
          "assetId": "JiMkQMW61R2XC5",
          "checksum": "b00ba90a386befc3946cb1580119af2d"
        },
        {
          "type": "icon",
          "assetId": "RZjBT5r0DxwDcO",
          "checksum": "b737cd92539430e5f7cb6bd44ead5088"
        },
        {
          "type": "icon",
          "assetId": "3skFfe1QE6v2yf",
          "checksum": "bb72cbb6524087e2042c8a2203ce2051"
        },
        {
          "type": "icon",
          "assetId": "vMqOBLgp1ei5Js",
          "checksum": "e4b88cf063858c6f653526deecb7d556"
        },
        {
          "type": "icon",
          "assetId": "1ZlZbOLHj7xgRn",
          "checksum": "f49f5b130d0cf8afc8a76ff6c8cfb2fb"
        },
        {
          "type": "icon",
          "assetId": "mTAlbqIpMRaOyz",
          "checksum": "523f510836f03490fff14049b11dc3dd"
        },
        {
          "type": "icon",
          "assetId": "7fNCZ4Kv9-wz6t",
          "checksum": "f433afebf5309f38d7ab0d03d424735b"
        },
        {
          "type": "icon",
          "assetId": "Iu4Q_KEfDpD3DY",
          "checksum": "93a4076b332dd9385c13c18ef85e2bf4"
        },
        {
          "type": "icon",
          "assetId": "Sj3TExO6xRrEFA",
          "checksum": "876bacabd14f7a96195eaf037bc72348"
        },
        {
          "type": "image",
          "assetId": "ORBt7weR1YOgpq",
          "checksum": "4767e6091a6c9eac151964bf46f567f4"
        },
        {
          "type": "image",
          "assetId": "txx_ZtY7dTnyEp",
          "checksum": "fd9c1f19e0ed96035df50c63a77f91d8"
        },
        {
          "type": "image",
          "assetId": "4q2KcA4mtKUCa-",
          "checksum": "489c8ebb002c5e31fb4ca8bbe1484ef1"
        },
        {
          "type": "image",
          "assetId": "osPj_-xR42uray",
          "checksum": "803f26720e56759e8781d28a7cee5906"
        }
      ],
      "codegenVersion": "0.0.1"
    }
  ],
  "cliVersion": "0.1.184"
}
